
Microsoft Visual Studio Solution File, Format Version 12.00
# Visual Studio 14
VisualStudioVersion = 14.0.25420.1
MinimumVisualStudioVersion = 10.0.40219.1
Project("{FAE04EC0-301F-11D3-BF4B-00C04F79EFBC}") = "JBTCDataPort", "JBTCDataPort\JBTCDataPort.csproj", "{F6A65E89-374D-4D7B-9B1D-978A4A6EA58C}"
EndProject
Project("{FAE04EC0-301F-11D3-BF4B-00C04F79EFBC}") = "Utilities", "Utilities\Utilities.csproj", "{9FDD8B87-AEBD-411C-8715-601430DE4B63}"
EndProject
Project("{FAE04EC0-301F-11D3-BF4B-00C04F79EFBC}") = "JBTData", "JBTData\JBTData.csproj", "{3DCEAF3B-779B-4D2F-B8D1-7FB8D59A52F2}"
EndProject
Project("{FAE04EC0-301F-11D3-BF4B-00C04F79EFBC}") = "jbt_opc", "jbt_opc\jbt_opc.csproj", "{60122739-3028-405B-A3DC-70FBEF5E1C8C}"
EndProject
Project("{6141683F-8A12-4E36-9623-2EB02B2C2303}") = "JBTCDataPortSetup", "JBTCDataPortSetup\JBTCDataPortSetup.isproj", "{BB5D74F7-3CED-41FB-9CA0-D6AADAA85068}"
	ProjectSection(ProjectDependencies) = postProject
		{F6A65E89-374D-4D7B-9B1D-978A4A6EA58C} = {F6A65E89-374D-4D7B-9B1D-978A4A6EA58C}
	EndProjectSection
EndProject
Global
	GlobalSection(SolutionConfigurationPlatforms) = preSolution
		CD_ROM|Any CPU = CD_ROM|Any CPU
		Debug|Any CPU = Debug|Any CPU
		DVD-5|Any CPU = DVD-5|Any CPU
		Release|Any CPU = Release|Any CPU
		SingleImage|Any CPU = SingleImage|Any CPU
	EndGlobalSection
	GlobalSection(ProjectConfigurationPlatforms) = postSolution
		{F6A65E89-374D-4D7B-9B1D-978A4A6EA58C}.CD_ROM|Any CPU.ActiveCfg = Release|Any CPU
		{F6A65E89-374D-4D7B-9B1D-978A4A6EA58C}.CD_ROM|Any CPU.Build.0 = Release|Any CPU
		{F6A65E89-374D-4D7B-9B1D-978A4A6EA58C}.Debug|Any CPU.ActiveCfg = Debug|Any CPU
		{F6A65E89-374D-4D7B-9B1D-978A4A6EA58C}.Debug|Any CPU.Build.0 = Debug|Any CPU
		{F6A65E89-374D-4D7B-9B1D-978A4A6EA58C}.DVD-5|Any CPU.ActiveCfg = Debug|Any CPU
		{F6A65E89-374D-4D7B-9B1D-978A4A6EA58C}.DVD-5|Any CPU.Build.0 = Debug|Any CPU
		{F6A65E89-374D-4D7B-9B1D-978A4A6EA58C}.Release|Any CPU.ActiveCfg = Release|Any CPU
		{F6A65E89-374D-4D7B-9B1D-978A4A6EA58C}.Release|Any CPU.Build.0 = Release|Any CPU
		{F6A65E89-374D-4D7B-9B1D-978A4A6EA58C}.SingleImage|Any CPU.ActiveCfg = Release|Any CPU
		{F6A65E89-374D-4D7B-9B1D-978A4A6EA58C}.SingleImage|Any CPU.Build.0 = Release|Any CPU
		{9FDD8B87-AEBD-411C-8715-601430DE4B63}.CD_ROM|Any CPU.ActiveCfg = Release|Any CPU
		{9FDD8B87-AEBD-411C-8715-601430DE4B63}.CD_ROM|Any CPU.Build.0 = Release|Any CPU
		{9FDD8B87-AEBD-411C-8715-601430DE4B63}.Debug|Any CPU.ActiveCfg = Debug|Any CPU
		{9FDD8B87-AEBD-411C-8715-601430DE4B63}.Debug|Any CPU.Build.0 = Debug|Any CPU
		{9FDD8B87-AEBD-411C-8715-601430DE4B63}.DVD-5|Any CPU.ActiveCfg = Debug|Any CPU
		{9FDD8B87-AEBD-411C-8715-601430DE4B63}.DVD-5|Any CPU.Build.0 = Debug|Any CPU
		{9FDD8B87-AEBD-411C-8715-601430DE4B63}.Release|Any CPU.ActiveCfg = Release|Any CPU
		{9FDD8B87-AEBD-411C-8715-601430DE4B63}.Release|Any CPU.Build.0 = Release|Any CPU
		{9FDD8B87-AEBD-411C-8715-601430DE4B63}.SingleImage|Any CPU.ActiveCfg = Release|Any CPU
		{9FDD8B87-AEBD-411C-8715-601430DE4B63}.SingleImage|Any CPU.Build.0 = Release|Any CPU
		{3DCEAF3B-779B-4D2F-B8D1-7FB8D59A52F2}.CD_ROM|Any CPU.ActiveCfg = Release|Any CPU
		{3DCEAF3B-779B-4D2F-B8D1-7FB8D59A52F2}.CD_ROM|Any CPU.Build.0 = Release|Any CPU
		{3DCEAF3B-779B-4D2F-B8D1-7FB8D59A52F2}.Debug|Any CPU.ActiveCfg = Debug|Any CPU
		{3DCEAF3B-779B-4D2F-B8D1-7FB8D59A52F2}.Debug|Any CPU.Build.0 = Debug|Any CPU
		{3DCEAF3B-779B-4D2F-B8D1-7FB8D59A52F2}.DVD-5|Any CPU.ActiveCfg = Debug|Any CPU
		{3DCEAF3B-779B-4D2F-B8D1-7FB8D59A52F2}.DVD-5|Any CPU.Build.0 = Debug|Any CPU
		{3DCEAF3B-779B-4D2F-B8D1-7FB8D59A52F2}.Release|Any CPU.ActiveCfg = Release|Any CPU
		{3DCEAF3B-779B-4D2F-B8D1-7FB8D59A52F2}.Release|Any CPU.Build.0 = Release|Any CPU
		{3DCEAF3B-779B-4D2F-B8D1-7FB8D59A52F2}.SingleImage|Any CPU.ActiveCfg = Release|Any CPU
		{3DCEAF3B-779B-4D2F-B8D1-7FB8D59A52F2}.SingleImage|Any CPU.Build.0 = Release|Any CPU
		{60122739-3028-405B-A3DC-70FBEF5E1C8C}.CD_ROM|Any CPU.ActiveCfg = Release|Any CPU
		{60122739-3028-405B-A3DC-70FBEF5E1C8C}.CD_ROM|Any CPU.Build.0 = Release|Any CPU
		{60122739-3028-405B-A3DC-70FBEF5E1C8C}.Debug|Any CPU.ActiveCfg = Debug|Any CPU
		{60122739-3028-405B-A3DC-70FBEF5E1C8C}.Debug|Any CPU.Build.0 = Debug|Any CPU
		{60122739-3028-405B-A3DC-70FBEF5E1C8C}.DVD-5|Any CPU.ActiveCfg = Debug|Any CPU
		{60122739-3028-405B-A3DC-70FBEF5E1C8C}.DVD-5|Any CPU.Build.0 = Debug|Any CPU
		{60122739-3028-405B-A3DC-70FBEF5E1C8C}.Release|Any CPU.ActiveCfg = Release|Any CPU
		{60122739-3028-405B-A3DC-70FBEF5E1C8C}.Release|Any CPU.Build.0 = Release|Any CPU
		{60122739-3028-405B-A3DC-70FBEF5E1C8C}.SingleImage|Any CPU.ActiveCfg = Release|Any CPU
		{60122739-3028-405B-A3DC-70FBEF5E1C8C}.SingleImage|Any CPU.Build.0 = Release|Any CPU
		{BB5D74F7-3CED-41FB-9CA0-D6AADAA85068}.CD_ROM|Any CPU.ActiveCfg = CD_ROM
		{BB5D74F7-3CED-41FB-9CA0-D6AADAA85068}.CD_ROM|Any CPU.Build.0 = CD_ROM
		{BB5D74F7-3CED-41FB-9CA0-D6AADAA85068}.Debug|Any CPU.ActiveCfg = DVD-5
		{BB5D74F7-3CED-41FB-9CA0-D6AADAA85068}.Debug|Any CPU.Build.0 = DVD-5
		{BB5D74F7-3CED-41FB-9CA0-D6AADAA85068}.DVD-5|Any CPU.ActiveCfg = DVD-5
		{BB5D74F7-3CED-41FB-9CA0-D6AADAA85068}.DVD-5|Any CPU.Build.0 = DVD-5
		{BB5D74F7-3CED-41FB-9CA0-D6AADAA85068}.Release|Any CPU.ActiveCfg = SingleImage
		{BB5D74F7-3CED-41FB-9CA0-D6AADAA85068}.Release|Any CPU.Build.0 = SingleImage
		{BB5D74F7-3CED-41FB-9CA0-D6AADAA85068}.SingleImage|Any CPU.ActiveCfg = SingleImage
		{BB5D74F7-3CED-41FB-9CA0-D6AADAA85068}.SingleImage|Any CPU.Build.0 = SingleImage
	EndGlobalSection
	GlobalSection(SolutionProperties) = preSolution
		HideSolutionNode = FALSE
	EndGlobalSection
EndGlobal
